// !$*UTF8*$!
{
	archiveVersion = 1;
	classes = {
	};
	objectVersion = 50;
	objects = {

/* Begin PBXBuildFile section */
		01AF13FE2358EAB00060850A /* AppDelegate.swift in Sources */ = {isa = PBXBuildFile; fileRef = 01AF13FD2358EAB00060850A /* AppDelegate.swift */; };
		01AF14002358EAB00060850A /* SceneDelegate.swift in Sources */ = {isa = PBXBuildFile; fileRef = 01AF13FF2358EAB00060850A /* SceneDelegate.swift */; };
		01AF14022358EAB00060850A /* ViewController.swift in Sources */ = {isa = PBXBuildFile; fileRef = 01AF14012358EAB00060850A /* ViewController.swift */; };
		01AF14052358EAB00060850A /* Main.storyboard in Resources */ = {isa = PBXBuildFile; fileRef = 01AF14032358EAB00060850A /* Main.storyboard */; };
		01AF14072358EAB50060850A /* Assets.xcassets in Resources */ = {isa = PBXBuildFile; fileRef = 01AF14062358EAB50060850A /* Assets.xcassets */; };
		01AF140A2358EAB50060850A /* LaunchScreen.storyboard in Resources */ = {isa = PBXBuildFile; fileRef = 01AF14082358EAB50060850A /* LaunchScreen.storyboard */; };
/* End PBXBuildFile section */

/* Begin PBXFileReference section */
		01AF13FA2358EAB00060850A /* Hola Mundo.app */ = {isa = PBXFileReference; explicitFileType = wrapper.application; includeInIndex = 0; path = "Hola Mundo.app"; sourceTree = BUILT_PRODUCTS_DIR; };
		01AF13FD2358EAB00060850A /* AppDelegate.swift */ = {isa = PBXFileReference; lastKnownFileType = sourcecode.swift; path = AppDelegate.swift; sourceTree = "<group>"; };
		01AF13FF2358EAB00060850A /* SceneDelegate.swift */ = {isa = PBXFileReference; lastKnownFileType = sourcecode.swift; path = SceneDelegate.swift; sourceTree = "<group>"; };
		01AF14012358EAB00060850A /* ViewController.swift */ = {isa = PBXFileReference; lastKnownFileType = sourcecode.swift; path = ViewController.swift; sourceTree = "<group>"; };
		01AF14042358EAB00060850A /* Base */ = {isa = PBXFileReference; lastKnownFileType = file.storyboard; name = Base; path = Base.lproj/Main.storyboard; sourceTree = "<group>"; };
		01AF14062358EAB50060850A /* Assets.xcassets */ = {isa = PBXFileReference; lastKnownFileType = folder.assetcatalog; path = Assets.xcassets; sourceTree = "<group>"; };
		01AF14092358EAB50060850A /* Base */ = {isa = PBXFileReference; lastKnownFileType = file.storyboard; name = Base; path = Base.lproj/LaunchScreen.storyboard; sourceTree = "<group>"; };
		01AF140B2358EAB50060850A /* Info.plist */ = {isa = PBXFileReference; lastKnownFileType = text.plist.xml; path = Info.plist; sourceTree = "<group>"; };
/* End PBXFileReference section */

/* Begin PBXFrameworksBuildPhase section */
		01AF13F72358EAB00060850A /* Frameworks */ = {
			isa = PBXFrameworksBuildPhase;
			buildActionMask = 2147483647;
			files = (
			);
			runOnlyForDeploymentPostprocessing = 0;
		};
/* End PBXFrameworksBuildPhase section */

/* Begin PBXGroup section */
		01AF13F12358EAAF0060850A = {
			isa = PBXGroup;
			children = (
				01AF13FC2358EAB00060850A /* Hola Mundo */,
				01AF13FB2358EAB00060850A /* Products */,
			);
			sourceTree = "<group>";
		};
		01AF13FB2358EAB00060850A /* Products */ = {
			isa = PBXGroup;
			children = (
				01AF13FA2358EAB00060850A /* Hola Mundo.app */,
			);
			name = Products;
			sourceTree = "<group>";
		};
		01AF13FC2358EAB00060850A /* Hola Mundo */ = {
			isa = PBXGroup;
			children = (
				01AF13FD2358EAB00060850A /* AppDelegate.swift */,
				01AF13FF2358EAB00060850A /* SceneDelegate.swift */,
				01AF14012358EAB00060850A /* ViewController.swift */,
				01AF14032358EAB00060850A /* Main.storyboard */,
				01AF14062358EAB50060850A /* Assets.xcassets */,
				01AF14082358EAB50060850A /* LaunchScreen.storyboard */,
				01AF140B2358EAB50060850A /* Info.plist */,
			);
			path = "Hola Mundo";
			sourceTree = "<group>";
		};
/* End PBXGroup section */

/* Begin PBXNativeTarget section */
		01AF13F92358EAB00060850A /* Hola Mundo */ = {
			isa = PBXNativeTarget;
			buildConfigurationList = 01AF140E2358EAB50060850A /* Build configuration list for PBXNativeTarget "Hola Mundo" */;
			buildPhases = (
				01AF13F62358EAB00060850A /* Sources */,
				01AF13F72358EAB00060850A /* Frameworks */,
				01AF13F82358EAB00060850A /* Resources */,
			);
			buildRules = (
			);
			dependencies = (
			);
			name = "Hola Mundo";
			productName = "Hola Mundo";
			productReference = 01AF13FA2358EAB00060850A /* Hola Mundo.app */;
			productType = "com.apple.product-type.application";
		};
/* End PBXNativeTarget section */

/* Begin PBXProject section */
		01AF13F22358EAAF0060850A /* Project object */ = {
			isa = PBXProject;
			attributes = {
				LastSwiftUpdateCheck = 1110;
				LastUpgradeCheck = 1110;
				ORGANIZATIONNAME = UPM;
				TargetAttributes = {
					01AF13F92358EAB00060850A = {
						CreatedOnToolsVersion = 11.1;
					};
				};
			};
			buildConfigurationList = 01AF13F52358EAB00060850A /* Build configuration list for PBXProject "Hola Mundo" */;
			compatibilityVersion = "Xcode 9.3";
			developmentRegion = en;
			hasScannedForEncodings = 0;
			knownRegions = (
				en,
				Base,
			);
			mainGroup = 01AF13F12358EAAF0060850A;
			productRefGroup = 01AF13FB2358EAB00060850A /* Products */;
			projectDirPath = "";
			projectRoot = "";
			targets = (
				01AF13F92358EAB00060850A /* Hola Mundo */,
			);
		};
/* End PBXProject section */

/* Begin PBXResourcesBuildPhase section */
		01AF13F82358EAB00060850A /* Resources */ = {
			isa = PBXResourcesBuildPhase;
			buildActionMask = 2147483647;
			files = (
				01AF140A2358EAB50060850A /* LaunchScreen.storyboard in Resources */,
				01AF14072358EAB50060850A /* Assets.xcassets in Resources */,
				01AF14052358EAB00060850A /* Main.storyboard in Resources */,
			);
			runOnlyForDeploymentPostprocessing = 0;
		};
/* End PBXResourcesBuildPhase section */

/* Begin PBXSourcesBuildPhase section */
		01AF13F62358EAB00060850A /* Sources */ = {
			isa = PBXSourcesBuildPhase;
			buildActionMask = 2147483647;
			files = (
				01AF14022358EAB00060850A /* ViewController.swift in Sources */,
				01AF13FE2358EAB00060850A /* AppDelegate.swift in Sources */,
				01AF14002358EAB00060850A /* SceneDelegate.swift in Sources */,
			);
			runOnlyForDeploymentPostprocessing = 0;
		};
/* End PBXSourcesBuildPhase section */

/* Begin PBXVariantGroup section */
		01AF14032358EAB00060850A /* Main.storyboard */ = {
			isa = PBXVariantGroup;
			children = (
				01AF14042358EAB00060850A /* Base */,
			);
			name = Main.storyboard;
			sourceTree = "<group>";
		};
		01AF14082358EAB50060850A /* LaunchScreen.storyboard */ = {
			isa = PBXVariantGroup;
			children = (
				01AF14092358EAB50060850A /* Base */,
			);
			name = LaunchScreen.storyboard;
			sourceTree = "<group>";
		};
/* End PBXVariantGroup section */

/* Begin XCBuildConfiguration section */
		01AF140C2358EAB50060850A /* Debug */ = {
			isa = XCBuildConfiguration;
			buildSettings = {
				ALWAYS_SEARCH_USER_PATHS = NO;
				CLANG_ANALYZER_NONNULL = YES;
				CLANG_ANALYZER_NUMBER_OBJECT_CONVERSION = YES_AGGRESSIVE;
				CLANG_CXX_LANGUAGE_STANDARD = "gnu++14";
				CLANG_CXX_LIBRARY = "libc++";
				CLANG_ENABLE_MODULES = YES;
				CLANG_ENABLE_OBJC_ARC = YES;
				CLANG_ENABLE_OBJC_WEAK = YES;
				CLANG_WARN_BLOCK_CAPTURE_AUTORELEASING = YES;
				CLANG_WARN_BOOL_CONVERSION = YES;
				CLANG_WARN_COMMA = YES;
				CLANG_WARN_CONSTANT_CONVERSION = YES;
				CLANG_WARN_DEPRECATED_OBJC_IMPLEMENTATIONS = YES;
				CLANG_WARN_DIRECT_OBJC_ISA_USAGE = YES_ERROR;
				CLANG_WARN_DOCUMENTATION_COMMENTS = YES;
				CLANG_WARN_EMPTY_BODY = YES;
				CLANG_WARN_ENUM_CONVERSION = YES;
				CLANG_WARN_INFINITE_RECURSION = YES;
				CLANG_WARN_INT_CONVERSION = YES;
				CLANG_WARN_NON_LITERAL_NULL_CONVERSION = YES;
				CLANG_WARN_OBJC_IMPLICIT_RETAIN_SELF = YES;
				CLANG_WARN_OBJC_LITERAL_CONVERSION = YES;
				CLANG_WARN_OBJC_ROOT_CLASS = YES_ERROR;
				CLANG_WARN_RANGE_LOOP_ANALYSIS = YES;
				CLANG_WARN_STRICT_PROTOTYPES = YES;
				CLANG_WARN_SUSPICIOUS_MOVE = YES;
				CLANG_WARN_UNGUARDED_AVAILABILITY = YES_AGGRESSIVE;
				CLANG_WARN_UNREACHABLE_CODE = YES;
				CLANG_WARN__DUPLICATE_METHOD_MATCH = YES;
				COPY_PHASE_STRIP = NO;
				DEBUG_INFORMATION_FORMAT = dwarf;
				ENABLE_STRICT_OBJC_MSGSEND = YES;
				ENABLE_TESTABILITY = YES;
				GCC_C_LANGUAGE_STANDARD = gnu11;
				GCC_DYNAMIC_NO_PIC = NO;
				GCC_NO_COMMON_BLOCKS = YES;
				GCC_OPTIMIZATION_LEVEL = 0;
				GCC_PREPROCESSOR_DEFINITIONS = (
					"DEBUG=1",
					"$(inherited)",
				);
				GCC_WARN_64_TO_32_BIT_CONVERSION = YES;
				GCC_WARN_ABOUT_RETURN_TYPE = YES_ERROR;
				GCC_WARN_UNDECLARED_SELECTOR = YES;
				GCC_WARN_UNINITIALIZED_AUTOS = YES_AGGRESSIVE;
				GCC_WARN_UNUSED_FUNCTION = YES;
				GCC_WARN_UNUSED_VARIABLE = YES;
				IPHONEOS_DEPLOYMENT_TARGET = 13.1;
				MTL_ENABLE_DEBUG_INFO = INCLUDE_SOURCE;
				MTL_FAST_MATH = YES;
				ONLY_ACTIVE_ARCH = YES;
				SDKROOT = iphoneos;
				SWIFT_ACTIVE_COMPILATION_CONDITIONS = DEBUG;
				SWIFT_OPTIMIZATION_LEVEL = "-Onone";
			};
			name = Debug;
		};
		01AF140D2358EAB50060850A /* Release */ = {
			isa = XCBuildConfiguration;
			buildSettings = {
				ALWAYS_SEARCH_USER_PATHS = NO;
				CLANG_ANALYZER_NONNULL = YES;
				CLANG_ANALYZER_NUMBER_OBJECT_CONVERSION = YES_AGGRESSIVE;
				CLANG_CXX_LANGUAGE_STANDARD = "gnu++14";
				CLANG_CXX_LIBRARY = "libc++";
				CLANG_ENABLE_MODULES = YES;
				CLANG_ENABLE_OBJC_ARC = YES;
				CLANG_ENABLE_OBJC_WEAK = YES;
				CLANG_WARN_BLOCK_CAPTURE_AUTORELEASING = YES;
				CLANG_WARN_BOOL_CONVERSION = YES;
				CLANG_WARN_COMMA = YES;
				CLANG_WARN_CONSTANT_CONVERSION = YES;
				CLANG_WARN_DEPRECATED_OBJC_IMPLEMENTATIONS = YES;
				CLANG_WARN_DIRECT_OBJC_ISA_USAGE = YES_ERROR;
				CLANG_WARN_DOCUMENTATION_COMMENTS = YES;
				CLANG_WARN_EMPTY_BODY = YES;
				CLANG_WARN_ENUM_CONVERSION = YES;
				CLANG_WARN_INFINITE_RECURSION = YES;
				CLANG_WARN_INT_CONVERSION = YES;
				CLANG_WARN_NON_LITERAL_NULL_CONVERSION = YES;
				CLANG_WARN_OBJC_IMPLICIT_RETAIN_SELF = YES;
				CLANG_WARN_OBJC_LITERAL_CONVERSION = YES;
				CLANG_WARN_OBJC_ROOT_CLASS = YES_ERROR;
				CLANG_WARN_RANGE_LOOP_ANALYSIS = YES;
				CLANG_WARN_STRICT_PROTOTYPES = YES;
				CLANG_WARN_SUSPICIOUS_MOVE = YES;
				CLANG_WARN_UNGUARDED_AVAILABILITY = YES_AGGRESSIVE;
				CLANG_WARN_UNREACHABLE_CODE = YES;
				CLANG_WARN__DUPLICATE_METHOD_MATCH = YES;
				COPY_PHASE_STRIP = NO;
				DEBUG_INFORMATION_FORMAT = "dwarf-with-dsym";
				ENABLE_NS_ASSERTIONS = NO;
				ENABLE_STRICT_OBJC_MSGSEND = YES;
				GCC_C_LANGUAGE_STANDARD = gnu11;
				GCC_NO_COMMON_BLOCKS = YES;
				GCC_WARN_64_TO_32_BIT_CONVERSION = YES;
				GCC_WARN_ABOUT_RETURN_TYPE = YES_ERROR;
				GCC_WARN_UNDECLARED_SELECTOR = YES;
				GCC_WARN_UNINITIALIZED_AUTOS = YES_AGGRESSIVE;
				GCC_WARN_UNUSED_FUNCTION = YES;
				GCC_WARN_UNUSED_VARIABLE = YES;
				IPHONEOS_DEPLOYMENT_TARGET = 13.1;
				MTL_ENABLE_DEBUG_INFO = NO;
				MTL_FAST_MATH = YES;
				SDKROOT = iphoneos;
				SWIFT_COMPILATION_MODE = wholemodule;
				SWIFT_OPTIMIZATION_LEVEL = "-O";
				VALIDATE_PRODUCT = YES;
			};
			name = Release;
		};
		01AF140F2358EAB50060850A /* Debug */ = {
			isa = XCBuildConfiguration;
			buildSettings = {
				ASSETCATALOG_COMPILER_APPICON_NAME = AppIcon;
				CODE_SIGN_STYLE = Automatic;
				INFOPLIST_FILE = "Hola Mundo/Info.plist";
				LD_RUNPATH_SEARCH_PATHS = (
					"$(inherited)",
					"@executable_path/Frameworks",
				);
				PRODUCT_BUNDLE_IDENTIFIER = "es.upm.Hola-Mundo";
				PRODUCT_NAME = "$(TARGET_NAME)";
				SWIFT_VERSION = 5.0;
				TARGETED_DEVICE_FAMILY = "1,2";
			};
			name = Debug;
		};
		01AF14102358EAB50060850A /* Release */ = {
			isa = XCBuildConfiguration;
			buildSettings = {
				ASSETCATALOG_COMPILER_APPICON_NAME = AppIcon;
				CODE_SIGN_STYLE = Automatic;
				INFOPLIST_FILE = "Hola Mundo/Info.plist";
				LD_RUNPATH_SEARCH_PATHS = (
					"$(inherited)",
					"@executable_path/Frameworks",
				);
				PRODUCT_BUNDLE_IDENTIFIER = "es.upm.Hola-Mundo";
				PRODUCT_NAME = "$(TARGET_NAME)";
				SWIFT_VERSION = 5.0;
				TARGETED_DEVICE_FAMILY = "1,2";
			};
			name = Release;
		};
/* End XCBuildConfiguration section */

/* Begin XCConfigurationList section */
		01AF13F52358EAB00060850A /* Build configuration list for PBXProject "Hola Mundo" */ = {
			isa = XCConfigurationList;
			buildConfigurations = (
				01AF140C2358EAB50060850A /* Debug */,
				01AF140D2358EAB50060850A /* Release */,
			);
			defaultConfigurationIsVisible = 0;
			defaultConfigurationName = Release;
		};
		01AF140E2358EAB50060850A /* Build configuration list for PBXNativeTarget "Hola Mundo" */ = {
			isa = XCConfigurationList;
			buildConfigurations = (
				01AF140F2358EAB50060850A /* Debug */,
				01AF14102358EAB50060850A /* Release */,
			);
			defaultConfigurationIsVisible = 0;
			defaultConfigurationName = Release;
		};
/* End XCConfigurationList section */
	};
	rootObject = 01AF13F22358EAAF0060850A /* Project object */;
}
